
Microsoft Visual Studio Solution File, Format Version 12.00
# Visual Studio Version 17
VisualStudioVersion = 17.3.32825.248
MinimumVisualStudioVersion = 10.0.40219.1
Project("{FAE04EC0-301F-11D3-BF4B-00C04F79EFBC}") = "Exec_Factorial", "Exec_Factorial\Exec_Factorial.csproj", "{8DFC9D04-5502-49AD-8606-85CC28E50D95}"
EndProject
Global
	GlobalSection(SolutionConfigurationPlatforms) = preSolution
		Debug|Any CPU = Debug|Any CPU
		Release|Any CPU = Release|Any CPU
	EndGlobalSection
	GlobalSection(ProjectConfigurationPlatforms) = postSolution
		{8DFC9D04-5502-49AD-8606-85CC28E50D95}.Debug|Any CPU.ActiveCfg = Debug|Any CPU
		{8DFC9D04-5502-49AD-8606-85CC28E50D95}.Debug|Any CPU.Build.0 = Debug|Any CPU
		{8DFC9D04-5502-49AD-8606-85CC28E50D95}.Release|Any CPU.ActiveCfg = Release|Any CPU
		{8DFC9D04-5502-49AD-8606-85CC28E50D95}.Release|Any CPU.Build.0 = Release|Any CPU
	EndGlobalSection
	GlobalSection(SolutionProperties) = preSolution
		HideSolutionNode = FALSE
	EndGlobalSection
	GlobalSection(ExtensibilityGlobals) = postSolution
		SolutionGuid = {E9796A0D-0D33-4CD2-90F7-F1D023B748FD}
	EndGlobalSection
EndGlobal
